// !$*UTF8*$!
{
	archiveVersion = 1;
	classes = {
	};
	objectVersion = 50;
	objects = {

/* Begin PBXBuildFile section */
		CA06F39324DF229E00FFF47D /* Constants.swift in Sources */ = {isa = PBXBuildFile; fileRef = CA06F39224DF229E00FFF47D /* Constants.swift */; };
		CA06F39624DF22FB00FFF47D /* Device.swift in Sources */ = {isa = PBXBuildFile; fileRef = CA06F39524DF22FB00FFF47D /* Device.swift */; };
		CA06F39A24DF2E4E00FFF47D /* Devices.swift in Sources */ = {isa = PBXBuildFile; fileRef = CA06F39924DF2E4E00FFF47D /* Devices.swift */; };
		CA06F39C24DF422900FFF47D /* DeviceDetail.swift in Sources */ = {isa = PBXBuildFile; fileRef = CA06F39B24DF422900FFF47D /* DeviceDetail.swift */; };
		CA22FF8124DAEA010017FE41 /* BatteryTestVC.storyboard in Resources */ = {isa = PBXBuildFile; fileRef = CA22FF8024DAEA010017FE41 /* BatteryTestVC.storyboard */; };
		CA22FF8324DAEA1A0017FE41 /* BatteryTest.swift in Sources */ = {isa = PBXBuildFile; fileRef = CA22FF8224DAEA1A0017FE41 /* BatteryTest.swift */; };
		CA3E3A1A24DA0E7400CCE0A9 /* HomescreenVC.storyboard in Resources */ = {isa = PBXBuildFile; fileRef = CA3E3A1924DA0E7400CCE0A9 /* HomescreenVC.storyboard */; };
		CA3E3A1C24DA0E9800CCE0A9 /* DevicesVC.storyboard in Resources */ = {isa = PBXBuildFile; fileRef = CA3E3A1B24DA0E9800CCE0A9 /* DevicesVC.storyboard */; };
		CA3E3A2024DA108E00CCE0A9 /* Homescreen.swift in Sources */ = {isa = PBXBuildFile; fileRef = CA3E3A1F24DA108E00CCE0A9 /* Homescreen.swift */; };
		CA3E3A2724DA1B4400CCE0A9 /* ChargingVC.storyboard in Resources */ = {isa = PBXBuildFile; fileRef = CA3E3A2624DA1B4400CCE0A9 /* ChargingVC.storyboard */; };
		CA3E3A2924DA1BD000CCE0A9 /* Charging.swift in Sources */ = {isa = PBXBuildFile; fileRef = CA3E3A2824DA1BD000CCE0A9 /* Charging.swift */; };
		CA64BAAC24DED6E700073970 /* ActiveTimer.swift in Sources */ = {isa = PBXBuildFile; fileRef = CA64BAAB24DED6E700073970 /* ActiveTimer.swift */; };
		CA6ED99524DB1E83000A5043 /* StartTimer.swift in Sources */ = {isa = PBXBuildFile; fileRef = CA6ED99424DB1E83000A5043 /* StartTimer.swift */; };
		CA7DFA3E24DA05FD00B80F18 /* AppDelegate.swift in Sources */ = {isa = PBXBuildFile; fileRef = CA7DFA3D24DA05FD00B80F18 /* AppDelegate.swift */; };
		CA7DFA4024DA05FD00B80F18 /* SceneDelegate.swift in Sources */ = {isa = PBXBuildFile; fileRef = CA7DFA3F24DA05FD00B80F18 /* SceneDelegate.swift */; };
		CA7DFA4524DA05FD00B80F18 /* Main.storyboard in Resources */ = {isa = PBXBuildFile; fileRef = CA7DFA4324DA05FD00B80F18 /* Main.storyboard */; };
		CA7DFA4724DA060100B80F18 /* Assets.xcassets in Resources */ = {isa = PBXBuildFile; fileRef = CA7DFA4624DA060100B80F18 /* Assets.xcassets */; };
		CA7DFA4A24DA060100B80F18 /* LaunchScreen.storyboard in Resources */ = {isa = PBXBuildFile; fileRef = CA7DFA4824DA060100B80F18 /* LaunchScreen.storyboard */; };
/* End PBXBuildFile section */

/* Begin PBXFileReference section */
		CA06F39224DF229E00FFF47D /* Constants.swift */ = {isa = PBXFileReference; lastKnownFileType = sourcecode.swift; path = Constants.swift; sourceTree = "<group>"; };
		CA06F39524DF22FB00FFF47D /* Device.swift */ = {isa = PBXFileReference; lastKnownFileType = sourcecode.swift; path = Device.swift; sourceTree = "<group>"; };
		CA06F39924DF2E4E00FFF47D /* Devices.swift */ = {isa = PBXFileReference; lastKnownFileType = sourcecode.swift; path = Devices.swift; sourceTree = "<group>"; };
		CA06F39B24DF422900FFF47D /* DeviceDetail.swift */ = {isa = PBXFileReference; lastKnownFileType = sourcecode.swift; path = DeviceDetail.swift; sourceTree = "<group>"; };
		CA22FF8024DAEA010017FE41 /* BatteryTestVC.storyboard */ = {isa = PBXFileReference; lastKnownFileType = file.storyboard; path = BatteryTestVC.storyboard; sourceTree = "<group>"; };
		CA22FF8224DAEA1A0017FE41 /* BatteryTest.swift */ = {isa = PBXFileReference; lastKnownFileType = sourcecode.swift; path = BatteryTest.swift; sourceTree = "<group>"; };
		CA3E3A1924DA0E7400CCE0A9 /* HomescreenVC.storyboard */ = {isa = PBXFileReference; lastKnownFileType = file.storyboard; path = HomescreenVC.storyboard; sourceTree = "<group>"; };
		CA3E3A1B24DA0E9800CCE0A9 /* DevicesVC.storyboard */ = {isa = PBXFileReference; lastKnownFileType = file.storyboard; path = DevicesVC.storyboard; sourceTree = "<group>"; };
		CA3E3A1F24DA108E00CCE0A9 /* Homescreen.swift */ = {isa = PBXFileReference; lastKnownFileType = sourcecode.swift; path = Homescreen.swift; sourceTree = "<group>"; };
		CA3E3A2624DA1B4400CCE0A9 /* ChargingVC.storyboard */ = {isa = PBXFileReference; lastKnownFileType = file.storyboard; path = ChargingVC.storyboard; sourceTree = "<group>"; };
		CA3E3A2824DA1BD000CCE0A9 /* Charging.swift */ = {isa = PBXFileReference; lastKnownFileType = sourcecode.swift; path = Charging.swift; sourceTree = "<group>"; };
		CA64BAAB24DED6E700073970 /* ActiveTimer.swift */ = {isa = PBXFileReference; lastKnownFileType = sourcecode.swift; path = ActiveTimer.swift; sourceTree = "<group>"; };
		CA6ED99424DB1E83000A5043 /* StartTimer.swift */ = {isa = PBXFileReference; lastKnownFileType = sourcecode.swift; path = StartTimer.swift; sourceTree = "<group>"; };
		CA7DFA3A24DA05FD00B80F18 /* Bettery.app */ = {isa = PBXFileReference; explicitFileType = wrapper.application; includeInIndex = 0; path = Bettery.app; sourceTree = BUILT_PRODUCTS_DIR; };
		CA7DFA3D24DA05FD00B80F18 /* AppDelegate.swift */ = {isa = PBXFileReference; lastKnownFileType = sourcecode.swift; path = AppDelegate.swift; sourceTree = "<group>"; };
		CA7DFA3F24DA05FD00B80F18 /* SceneDelegate.swift */ = {isa = PBXFileReference; lastKnownFileType = sourcecode.swift; path = SceneDelegate.swift; sourceTree = "<group>"; };
		CA7DFA4424DA05FD00B80F18 /* Base */ = {isa = PBXFileReference; lastKnownFileType = file.storyboard; name = Base; path = Base.lproj/Main.storyboard; sourceTree = "<group>"; };
		CA7DFA4624DA060100B80F18 /* Assets.xcassets */ = {isa = PBXFileReference; lastKnownFileType = folder.assetcatalog; path = Assets.xcassets; sourceTree = "<group>"; };
		CA7DFA4924DA060100B80F18 /* Base */ = {isa = PBXFileReference; lastKnownFileType = file.storyboard; name = Base; path = Base.lproj/LaunchScreen.storyboard; sourceTree = "<group>"; };
		CA7DFA4B24DA060100B80F18 /* Info.plist */ = {isa = PBXFileReference; lastKnownFileType = text.plist.xml; path = Info.plist; sourceTree = "<group>"; };
/* End PBXFileReference section */

/* Begin PBXFrameworksBuildPhase section */
		CA7DFA3724DA05FD00B80F18 /* Frameworks */ = {
			isa = PBXFrameworksBuildPhase;
			buildActionMask = 2147483647;
			files = (
			);
			runOnlyForDeploymentPostprocessing = 0;
		};
/* End PBXFrameworksBuildPhase section */

/* Begin PBXGroup section */
		CA06F39124DF21E500FFF47D /* UserDefaults */ = {
			isa = PBXGroup;
			children = (
				CA06F39224DF229E00FFF47D /* Constants.swift */,
			);
			path = UserDefaults;
			sourceTree = "<group>";
		};
		CA06F39424DF22DF00FFF47D /* Model */ = {
			isa = PBXGroup;
			children = (
				CA06F39524DF22FB00FFF47D /* Device.swift */,
			);
			path = Model;
			sourceTree = "<group>";
		};
		CA22FF8424DAEA2E0017FE41 /* Homescreen */ = {
			isa = PBXGroup;
			children = (
				CA3E3A1924DA0E7400CCE0A9 /* HomescreenVC.storyboard */,
				CA3E3A1F24DA108E00CCE0A9 /* Homescreen.swift */,
			);
			path = Homescreen;
			sourceTree = "<group>";
		};
		CA22FF8524DAEA3D0017FE41 /* Devices */ = {
			isa = PBXGroup;
			children = (
				CA3E3A1B24DA0E9800CCE0A9 /* DevicesVC.storyboard */,
				CA06F39924DF2E4E00FFF47D /* Devices.swift */,
				CA06F39B24DF422900FFF47D /* DeviceDetail.swift */,
			);
			path = Devices;
			sourceTree = "<group>";
		};
		CA22FF8624DAEA5B0017FE41 /* BatteryTest */ = {
			isa = PBXGroup;
			children = (
				CA22FF8024DAEA010017FE41 /* BatteryTestVC.storyboard */,
				CA22FF8224DAEA1A0017FE41 /* BatteryTest.swift */,
				CA6ED99424DB1E83000A5043 /* StartTimer.swift */,
				CA64BAAB24DED6E700073970 /* ActiveTimer.swift */,
			);
			path = BatteryTest;
			sourceTree = "<group>";
		};
		CA22FF8724DAEA6F0017FE41 /* Charging */ = {
			isa = PBXGroup;
			children = (
				CA3E3A2624DA1B4400CCE0A9 /* ChargingVC.storyboard */,
				CA3E3A2824DA1BD000CCE0A9 /* Charging.swift */,
			);
			path = Charging;
			sourceTree = "<group>";
		};
		CA3E3A1524DA0DFB00CCE0A9 /* View */ = {
			isa = PBXGroup;
			children = (
				CA06F39424DF22DF00FFF47D /* Model */,
				CA06F39124DF21E500FFF47D /* UserDefaults */,
				CAF27EA424DC267200B1E45F /* Main */,
				CA22FF8424DAEA2E0017FE41 /* Homescreen */,
				CA22FF8524DAEA3D0017FE41 /* Devices */,
				CA22FF8624DAEA5B0017FE41 /* BatteryTest */,
				CA22FF8724DAEA6F0017FE41 /* Charging */,
			);
			path = View;
			sourceTree = "<group>";
		};
		CA451AC624DC272200CF5E3C /* Supporting */ = {
			isa = PBXGroup;
			children = (
				CA7DFA3D24DA05FD00B80F18 /* AppDelegate.swift */,
				CA7DFA3F24DA05FD00B80F18 /* SceneDelegate.swift */,
				CA7DFA4624DA060100B80F18 /* Assets.xcassets */,
				CA7DFA4B24DA060100B80F18 /* Info.plist */,
			);
			path = Supporting;
			sourceTree = "<group>";
		};
		CA7DFA3124DA05FD00B80F18 = {
			isa = PBXGroup;
			children = (
				CA7DFA3C24DA05FD00B80F18 /* Bettery */,
				CA7DFA3B24DA05FD00B80F18 /* Products */,
			);
			sourceTree = "<group>";
		};
		CA7DFA3B24DA05FD00B80F18 /* Products */ = {
			isa = PBXGroup;
			children = (
				CA7DFA3A24DA05FD00B80F18 /* Bettery.app */,
			);
			name = Products;
			sourceTree = "<group>";
		};
		CA7DFA3C24DA05FD00B80F18 /* Bettery */ = {
			isa = PBXGroup;
			children = (
				CA3E3A1524DA0DFB00CCE0A9 /* View */,
				CA451AC624DC272200CF5E3C /* Supporting */,
			);
			path = Bettery;
			sourceTree = "<group>";
		};
		CAF27EA424DC267200B1E45F /* Main */ = {
			isa = PBXGroup;
			children = (
				CA7DFA4324DA05FD00B80F18 /* Main.storyboard */,
				CA7DFA4824DA060100B80F18 /* LaunchScreen.storyboard */,
			);
			path = Main;
			sourceTree = "<group>";
		};
/* End PBXGroup section */

/* Begin PBXNativeTarget section */
		CA7DFA3924DA05FD00B80F18 /* Bettery */ = {
			isa = PBXNativeTarget;
			buildConfigurationList = CA7DFA4E24DA060100B80F18 /* Build configuration list for PBXNativeTarget "Bettery" */;
			buildPhases = (
				CA7DFA3624DA05FD00B80F18 /* Sources */,
				CA7DFA3724DA05FD00B80F18 /* Frameworks */,
				CA7DFA3824DA05FD00B80F18 /* Resources */,
			);
			buildRules = (
			);
			dependencies = (
			);
			name = Bettery;
			productName = Bettery;
			productReference = CA7DFA3A24DA05FD00B80F18 /* Bettery.app */;
			productType = "com.apple.product-type.application";
		};
/* End PBXNativeTarget section */

/* Begin PBXProject section */
		CA7DFA3224DA05FD00B80F18 /* Project object */ = {
			isa = PBXProject;
			attributes = {
				LastSwiftUpdateCheck = 1160;
				LastUpgradeCheck = 1160;
				ORGANIZATIONNAME = "Glenn Gregor";
				TargetAttributes = {
					CA7DFA3924DA05FD00B80F18 = {
						CreatedOnToolsVersion = 11.6;
					};
				};
			};
			buildConfigurationList = CA7DFA3524DA05FD00B80F18 /* Build configuration list for PBXProject "Bettery" */;
			compatibilityVersion = "Xcode 9.3";
			developmentRegion = en;
			hasScannedForEncodings = 0;
			knownRegions = (
				en,
				Base,
			);
			mainGroup = CA7DFA3124DA05FD00B80F18;
			productRefGroup = CA7DFA3B24DA05FD00B80F18 /* Products */;
			projectDirPath = "";
			projectRoot = "";
			targets = (
				CA7DFA3924DA05FD00B80F18 /* Bettery */,
			);
		};
/* End PBXProject section */

/* Begin PBXResourcesBuildPhase section */
		CA7DFA3824DA05FD00B80F18 /* Resources */ = {
			isa = PBXResourcesBuildPhase;
			buildActionMask = 2147483647;
			files = (
				CA22FF8124DAEA010017FE41 /* BatteryTestVC.storyboard in Resources */,
				CA7DFA4A24DA060100B80F18 /* LaunchScreen.storyboard in Resources */,
				CA3E3A1A24DA0E7400CCE0A9 /* HomescreenVC.storyboard in Resources */,
				CA7DFA4724DA060100B80F18 /* Assets.xcassets in Resources */,
				CA3E3A2724DA1B4400CCE0A9 /* ChargingVC.storyboard in Resources */,
				CA3E3A1C24DA0E9800CCE0A9 /* DevicesVC.storyboard in Resources */,
				CA7DFA4524DA05FD00B80F18 /* Main.storyboard in Resources */,
			);
			runOnlyForDeploymentPostprocessing = 0;
		};
/* End PBXResourcesBuildPhase section */

/* Begin PBXSourcesBuildPhase section */
		CA7DFA3624DA05FD00B80F18 /* Sources */ = {
			isa = PBXSourcesBuildPhase;
			buildActionMask = 2147483647;
			files = (
				CA64BAAC24DED6E700073970 /* ActiveTimer.swift in Sources */,
				CA3E3A2024DA108E00CCE0A9 /* Homescreen.swift in Sources */,
				CA6ED99524DB1E83000A5043 /* StartTimer.swift in Sources */,
				CA22FF8324DAEA1A0017FE41 /* BatteryTest.swift in Sources */,
				CA06F39C24DF422900FFF47D /* DeviceDetail.swift in Sources */,
				CA3E3A2924DA1BD000CCE0A9 /* Charging.swift in Sources */,
				CA7DFA3E24DA05FD00B80F18 /* AppDelegate.swift in Sources */,
				CA7DFA4024DA05FD00B80F18 /* SceneDelegate.swift in Sources */,
				CA06F39A24DF2E4E00FFF47D /* Devices.swift in Sources */,
				CA06F39324DF229E00FFF47D /* Constants.swift in Sources */,
				CA06F39624DF22FB00FFF47D /* Device.swift in Sources */,
			);
			runOnlyForDeploymentPostprocessing = 0;
		};
/* End PBXSourcesBuildPhase section */

/* Begin PBXVariantGroup section */
		CA7DFA4324DA05FD00B80F18 /* Main.storyboard */ = {
			isa = PBXVariantGroup;
			children = (
				CA7DFA4424DA05FD00B80F18 /* Base */,
			);
			name = Main.storyboard;
			sourceTree = "<group>";
		};
		CA7DFA4824DA060100B80F18 /* LaunchScreen.storyboard */ = {
			isa = PBXVariantGroup;
			children = (
				CA7DFA4924DA060100B80F18 /* Base */,
			);
			name = LaunchScreen.storyboard;
			sourceTree = "<group>";
		};
/* End PBXVariantGroup section */

/* Begin XCBuildConfiguration section */
		CA7DFA4C24DA060100B80F18 /* Debug */ = {
			isa = XCBuildConfiguration;
			buildSettings = {
				ALWAYS_SEARCH_USER_PATHS = NO;
				CLANG_ANALYZER_NONNULL = YES;
				CLANG_ANALYZER_NUMBER_OBJECT_CONVERSION = YES_AGGRESSIVE;
				CLANG_CXX_LANGUAGE_STANDARD = "gnu++14";
				CLANG_CXX_LIBRARY = "libc++";
				CLANG_ENABLE_MODULES = YES;
				CLANG_ENABLE_OBJC_ARC = YES;
				CLANG_ENABLE_OBJC_WEAK = YES;
				CLANG_WARN_BLOCK_CAPTURE_AUTORELEASING = YES;
				CLANG_WARN_BOOL_CONVERSION = YES;
				CLANG_WARN_COMMA = YES;
				CLANG_WARN_CONSTANT_CONVERSION = YES;
				CLANG_WARN_DEPRECATED_OBJC_IMPLEMENTATIONS = YES;
				CLANG_WARN_DIRECT_OBJC_ISA_USAGE = YES_ERROR;
				CLANG_WARN_DOCUMENTATION_COMMENTS = YES;
				CLANG_WARN_EMPTY_BODY = YES;
				CLANG_WARN_ENUM_CONVERSION = YES;
				CLANG_WARN_INFINITE_RECURSION = YES;
				CLANG_WARN_INT_CONVERSION = YES;
				CLANG_WARN_NON_LITERAL_NULL_CONVERSION = YES;
				CLANG_WARN_OBJC_IMPLICIT_RETAIN_SELF = YES;
				CLANG_WARN_OBJC_LITERAL_CONVERSION = YES;
				CLANG_WARN_OBJC_ROOT_CLASS = YES_ERROR;
				CLANG_WARN_RANGE_LOOP_ANALYSIS = YES;
				CLANG_WARN_STRICT_PROTOTYPES = YES;
				CLANG_WARN_SUSPICIOUS_MOVE = YES;
				CLANG_WARN_UNGUARDED_AVAILABILITY = YES_AGGRESSIVE;
				CLANG_WARN_UNREACHABLE_CODE = YES;
				CLANG_WARN__DUPLICATE_METHOD_MATCH = YES;
				COPY_PHASE_STRIP = NO;
				DEBUG_INFORMATION_FORMAT = dwarf;
				ENABLE_STRICT_OBJC_MSGSEND = YES;
				ENABLE_TESTABILITY = YES;
				GCC_C_LANGUAGE_STANDARD = gnu11;
				GCC_DYNAMIC_NO_PIC = NO;
				GCC_NO_COMMON_BLOCKS = YES;
				GCC_OPTIMIZATION_LEVEL = 0;
				GCC_PREPROCESSOR_DEFINITIONS = (
					"DEBUG=1",
					"$(inherited)",
				);
				GCC_WARN_64_TO_32_BIT_CONVERSION = YES;
				GCC_WARN_ABOUT_RETURN_TYPE = YES_ERROR;
				GCC_WARN_UNDECLARED_SELECTOR = YES;
				GCC_WARN_UNINITIALIZED_AUTOS = YES_AGGRESSIVE;
				GCC_WARN_UNUSED_FUNCTION = YES;
				GCC_WARN_UNUSED_VARIABLE = YES;
				IPHONEOS_DEPLOYMENT_TARGET = 13.6;
				MTL_ENABLE_DEBUG_INFO = INCLUDE_SOURCE;
				MTL_FAST_MATH = YES;
				ONLY_ACTIVE_ARCH = YES;
				SDKROOT = iphoneos;
				SWIFT_ACTIVE_COMPILATION_CONDITIONS = DEBUG;
				SWIFT_OPTIMIZATION_LEVEL = "-Onone";
			};
			name = Debug;
		};
		CA7DFA4D24DA060100B80F18 /* Release */ = {
			isa = XCBuildConfiguration;
			buildSettings = {
				ALWAYS_SEARCH_USER_PATHS = NO;
				CLANG_ANALYZER_NONNULL = YES;
				CLANG_ANALYZER_NUMBER_OBJECT_CONVERSION = YES_AGGRESSIVE;
				CLANG_CXX_LANGUAGE_STANDARD = "gnu++14";
				CLANG_CXX_LIBRARY = "libc++";
				CLANG_ENABLE_MODULES = YES;
				CLANG_ENABLE_OBJC_ARC = YES;
				CLANG_ENABLE_OBJC_WEAK = YES;
				CLANG_WARN_BLOCK_CAPTURE_AUTORELEASING = YES;
				CLANG_WARN_BOOL_CONVERSION = YES;
				CLANG_WARN_COMMA = YES;
				CLANG_WARN_CONSTANT_CONVERSION = YES;
				CLANG_WARN_DEPRECATED_OBJC_IMPLEMENTATIONS = YES;
				CLANG_WARN_DIRECT_OBJC_ISA_USAGE = YES_ERROR;
				CLANG_WARN_DOCUMENTATION_COMMENTS = YES;
				CLANG_WARN_EMPTY_BODY = YES;
				CLANG_WARN_ENUM_CONVERSION = YES;
				CLANG_WARN_INFINITE_RECURSION = YES;
				CLANG_WARN_INT_CONVERSION = YES;
				CLANG_WARN_NON_LITERAL_NULL_CONVERSION = YES;
				CLANG_WARN_OBJC_IMPLICIT_RETAIN_SELF = YES;
				CLANG_WARN_OBJC_LITERAL_CONVERSION = YES;
				CLANG_WARN_OBJC_ROOT_CLASS = YES_ERROR;
				CLANG_WARN_RANGE_LOOP_ANALYSIS = YES;
				CLANG_WARN_STRICT_PROTOTYPES = YES;
				CLANG_WARN_SUSPICIOUS_MOVE = YES;
				CLANG_WARN_UNGUARDED_AVAILABILITY = YES_AGGRESSIVE;
				CLANG_WARN_UNREACHABLE_CODE = YES;
				CLANG_WARN__DUPLICATE_METHOD_MATCH = YES;
				COPY_PHASE_STRIP = NO;
				DEBUG_INFORMATION_FORMAT = "dwarf-with-dsym";
				ENABLE_NS_ASSERTIONS = NO;
				ENABLE_STRICT_OBJC_MSGSEND = YES;
				GCC_C_LANGUAGE_STANDARD = gnu11;
				GCC_NO_COMMON_BLOCKS = YES;
				GCC_WARN_64_TO_32_BIT_CONVERSION = YES;
				GCC_WARN_ABOUT_RETURN_TYPE = YES_ERROR;
				GCC_WARN_UNDECLARED_SELECTOR = YES;
				GCC_WARN_UNINITIALIZED_AUTOS = YES_AGGRESSIVE;
				GCC_WARN_UNUSED_FUNCTION = YES;
				GCC_WARN_UNUSED_VARIABLE = YES;
				IPHONEOS_DEPLOYMENT_TARGET = 13.6;
				MTL_ENABLE_DEBUG_INFO = NO;
				MTL_FAST_MATH = YES;
				SDKROOT = iphoneos;
				SWIFT_COMPILATION_MODE = wholemodule;
				SWIFT_OPTIMIZATION_LEVEL = "-O";
				VALIDATE_PRODUCT = YES;
			};
			name = Release;
		};
		CA7DFA4F24DA060100B80F18 /* Debug */ = {
			isa = XCBuildConfiguration;
			buildSettings = {
				ASSETCATALOG_COMPILER_APPICON_NAME = AppIcon;
				CODE_SIGN_IDENTITY = "Apple Development";
				CODE_SIGN_STYLE = Automatic;
				DEVELOPMENT_TEAM = P7292765P2;
				INFOPLIST_FILE = Bettery/Supporting/Info.plist;
				LD_RUNPATH_SEARCH_PATHS = (
					"$(inherited)",
					"@executable_path/Frameworks",
				);
				PRODUCT_BUNDLE_IDENTIFIER = thegglabel.Bettery;
				PRODUCT_NAME = "$(TARGET_NAME)";
				PROVISIONING_PROFILE_SPECIFIER = "";
				SWIFT_VERSION = 5.0;
				TARGETED_DEVICE_FAMILY = "1,2";
			};
			name = Debug;
		};
		CA7DFA5024DA060100B80F18 /* Release */ = {
			isa = XCBuildConfiguration;
			buildSettings = {
				ASSETCATALOG_COMPILER_APPICON_NAME = AppIcon;
				CODE_SIGN_IDENTITY = "Apple Development";
				CODE_SIGN_STYLE = Automatic;
				DEVELOPMENT_TEAM = P7292765P2;
				INFOPLIST_FILE = Bettery/Supporting/Info.plist;
				LD_RUNPATH_SEARCH_PATHS = (
					"$(inherited)",
					"@executable_path/Frameworks",
				);
				PRODUCT_BUNDLE_IDENTIFIER = thegglabel.Bettery;
				PRODUCT_NAME = "$(TARGET_NAME)";
				PROVISIONING_PROFILE_SPECIFIER = "";
				SWIFT_VERSION = 5.0;
				TARGETED_DEVICE_FAMILY = "1,2";
			};
			name = Release;
		};
/* End XCBuildConfiguration section */

/* Begin XCConfigurationList section */
		CA7DFA3524DA05FD00B80F18 /* Build configuration list for PBXProject "Bettery" */ = {
			isa = XCConfigurationList;
			buildConfigurations = (
				CA7DFA4C24DA060100B80F18 /* Debug */,
				CA7DFA4D24DA060100B80F18 /* Release */,
			);
			defaultConfigurationIsVisible = 0;
			defaultConfigurationName = Release;
		};
		CA7DFA4E24DA060100B80F18 /* Build configuration list for PBXNativeTarget "Bettery" */ = {
			isa = XCConfigurationList;
			buildConfigurations = (
				CA7DFA4F24DA060100B80F18 /* Debug */,
				CA7DFA5024DA060100B80F18 /* Release */,
			);
			defaultConfigurationIsVisible = 0;
			defaultConfigurationName = Release;
		};
/* End XCConfigurationList section */
	};
	rootObject = CA7DFA3224DA05FD00B80F18 /* Project object */;
}
